
Microsoft Visual Studio Solution File, Format Version 12.00
# Visual Studio 15
VisualStudioVersion = 15.0.28010.2050
MinimumVisualStudioVersion = 10.0.40219.1
Project("{FAE04EC0-301F-11D3-BF4B-00C04F79EFBC}") = "Abstact smart menu", "Abstact smart menu\Abstact smart menu.csproj", "{60DFB952-EDD2-4539-A857-F5B64B1A457A}"
EndProject
Project("{9A19103F-16F7-4668-BE54-9A1E7A4F7556}") = "Smart menu", "Smart menu\Smart menu.csproj", "{AE915527-71FC-4770-9F15-F8AFB637A274}"
EndProject
Project("{FAE04EC0-301F-11D3-BF4B-00C04F79EFBC}") = "DataMenu", "Menu\DataMenu.csproj", "{0B03AE55-786C-4263-BCEC-E2DFD13B96CB}"
EndProject
Project("{FAE04EC0-301F-11D3-BF4B-00C04F79EFBC}") = "Data", "Data\Data.csproj", "{2B62D256-FB02-4D9B-AD78-96C5ABE9871D}"
EndProject
Global
	GlobalSection(SolutionConfigurationPlatforms) = preSolution
		Debug|Any CPU = Debug|Any CPU
		Release|Any CPU = Release|Any CPU
	EndGlobalSection
	GlobalSection(ProjectConfigurationPlatforms) = postSolution
		{60DFB952-EDD2-4539-A857-F5B64B1A457A}.Debug|Any CPU.ActiveCfg = Debug|Any CPU
		{60DFB952-EDD2-4539-A857-F5B64B1A457A}.Debug|Any CPU.Build.0 = Debug|Any CPU
		{60DFB952-EDD2-4539-A857-F5B64B1A457A}.Release|Any CPU.ActiveCfg = Release|Any CPU
		{60DFB952-EDD2-4539-A857-F5B64B1A457A}.Release|Any CPU.Build.0 = Release|Any CPU
		{AE915527-71FC-4770-9F15-F8AFB637A274}.Debug|Any CPU.ActiveCfg = Debug|Any CPU
		{AE915527-71FC-4770-9F15-F8AFB637A274}.Debug|Any CPU.Build.0 = Debug|Any CPU
		{AE915527-71FC-4770-9F15-F8AFB637A274}.Release|Any CPU.ActiveCfg = Release|Any CPU
		{AE915527-71FC-4770-9F15-F8AFB637A274}.Release|Any CPU.Build.0 = Release|Any CPU
		{0B03AE55-786C-4263-BCEC-E2DFD13B96CB}.Debug|Any CPU.ActiveCfg = Debug|Any CPU
		{0B03AE55-786C-4263-BCEC-E2DFD13B96CB}.Debug|Any CPU.Build.0 = Debug|Any CPU
		{0B03AE55-786C-4263-BCEC-E2DFD13B96CB}.Release|Any CPU.ActiveCfg = Release|Any CPU
		{0B03AE55-786C-4263-BCEC-E2DFD13B96CB}.Release|Any CPU.Build.0 = Release|Any CPU
		{2B62D256-FB02-4D9B-AD78-96C5ABE9871D}.Debug|Any CPU.ActiveCfg = Debug|Any CPU
		{2B62D256-FB02-4D9B-AD78-96C5ABE9871D}.Debug|Any CPU.Build.0 = Debug|Any CPU
		{2B62D256-FB02-4D9B-AD78-96C5ABE9871D}.Release|Any CPU.ActiveCfg = Release|Any CPU
		{2B62D256-FB02-4D9B-AD78-96C5ABE9871D}.Release|Any CPU.Build.0 = Release|Any CPU
	EndGlobalSection
	GlobalSection(SolutionProperties) = preSolution
		HideSolutionNode = FALSE
	EndGlobalSection
	GlobalSection(ExtensibilityGlobals) = postSolution
		SolutionGuid = {7445A7B7-5DB6-4F83-849F-7FE7D9F86009}
	EndGlobalSection
EndGlobal
